
Microsoft Visual Studio Solution File, Format Version 12.00
# Visual Studio Version 16
VisualStudioVersion = 16.0.31112.23
MinimumVisualStudioVersion = 10.0.40219.1
Project("{FAE04EC0-301F-11D3-BF4B-00C04F79EFBC}") = "SimplePipeServer", "SimplePipeServer\SimplePipeServer.csproj", "{29BD6C19-6C69-4807-8D78-CDB463EA4FF9}"
EndProject
Global
	GlobalSection(SolutionConfigurationPlatforms) = preSolution
		Debug|Any CPU = Debug|Any CPU
		Release|Any CPU = Release|Any CPU
	EndGlobalSection
	GlobalSection(ProjectConfigurationPlatforms) = postSolution
		{29BD6C19-6C69-4807-8D78-CDB463EA4FF9}.Debug|Any CPU.ActiveCfg = Debug|Any CPU
		{29BD6C19-6C69-4807-8D78-CDB463EA4FF9}.Debug|Any CPU.Build.0 = Debug|Any CPU
		{29BD6C19-6C69-4807-8D78-CDB463EA4FF9}.Release|Any CPU.ActiveCfg = Release|Any CPU
		{29BD6C19-6C69-4807-8D78-CDB463EA4FF9}.Release|Any CPU.Build.0 = Release|Any CPU
	EndGlobalSection
	GlobalSection(SolutionProperties) = preSolution
		HideSolutionNode = FALSE
	EndGlobalSection
	GlobalSection(ExtensibilityGlobals) = postSolution
		SolutionGuid = {8CCC9A54-5338-47D9-86F3-F5D6040C3C6A}
	EndGlobalSection
EndGlobal
